
Microsoft Visual Studio Solution File, Format Version 12.00
# Visual Studio 15
VisualStudioVersion = 15.0.27428.2037
MinimumVisualStudioVersion = 10.0.40219.1
Project("{8BC9CEB8-8B4A-11D0-8D11-00A0C91BC942}") = "MFCApplication1", "MFCApplication1\MFCApplication1.vcxproj", "{EEADD038-4102-4B4D-9541-6CE16F69D3A9}"
EndProject
Global
	GlobalSection(SolutionConfigurationPlatforms) = preSolution
		Debug|x64 = Debug|x64
		Debug|x86 = Debug|x86
		Release|x64 = Release|x64
		Release|x86 = Release|x86
	EndGlobalSection
	GlobalSection(ProjectConfigurationPlatforms) = postSolution
		{EEADD038-4102-4B4D-9541-6CE16F69D3A9}.Debug|x64.ActiveCfg = Debug|x64
		{EEADD038-4102-4B4D-9541-6CE16F69D3A9}.Debug|x64.Build.0 = Debug|x64
		{EEADD038-4102-4B4D-9541-6CE16F69D3A9}.Debug|x86.ActiveCfg = Debug|Win32
		{EEADD038-4102-4B4D-9541-6CE16F69D3A9}.Debug|x86.Build.0 = Debug|Win32
		{EEADD038-4102-4B4D-9541-6CE16F69D3A9}.Release|x64.ActiveCfg = Release|x64
		{EEADD038-4102-4B4D-9541-6CE16F69D3A9}.Release|x64.Build.0 = Release|x64
		{EEADD038-4102-4B4D-9541-6CE16F69D3A9}.Release|x86.ActiveCfg = Release|Win32
		{EEADD038-4102-4B4D-9541-6CE16F69D3A9}.Release|x86.Build.0 = Release|Win32
	EndGlobalSection
	GlobalSection(SolutionProperties) = preSolution
		HideSolutionNode = FALSE
	EndGlobalSection
	GlobalSection(ExtensibilityGlobals) = postSolution
		SolutionGuid = {1286DA22-B7FC-474D-9FA0-1AFFA8046C7B}
	EndGlobalSection
EndGlobal
